<?xml version="1.0" encoding="utf-8"?>
<Project ToolsVersion="4.0" xmlns="http://schemas.microsoft.com/developer/msbuild/2003">
  <ItemGroup>
    <Filter Include="Archivos de origen">
      <UniqueIdentifier>{4FC737F1-C7A5-4376-A066-2A32D752A2FF}</UniqueIdentifier>
      <Extensions>cpp;c;cc;cxx;def;odl;idl;hpj;bat;asm;asmx</Extensions>
    </Filter>
    <Filter Include="Archivos de encabezado">
      <UniqueIdentifier>{93995380-89BD-4b04-88EB-625FBE52EBFB}</UniqueIdentifier>
      <Extensions>h;hh;hpp;hxx;hm;inl;inc;ipp;xsd</Extensions>
    </Filter>
    <Filter Include="Archivos de recursos">
      <UniqueIdentifier>{67DA6AB6-F800-4c08-8B7A-83BB121AAD01}</UniqueIdentifier>
      <Extensions>rc;ico;cur;bmp;dlg;rc2;rct;bin;rgs;gif;jpg;jpeg;jpe;resx;tiff;tif;png;wav;mfcribbon-ms</Extensions>
    </Filter>
    <Filter Include="Archivos de encabezado\trainers">
      <UniqueIdentifier>{9de0354c-fe85-4c3c-b931-4a247a9557ec}</UniqueIdentifier>
    </Filter>
    <Filter Include="Archivos de origen\trainers">
      <UniqueIdentifier>{3f3c643f-2d71-42ad-bbf8-f6fba91e9eb1}</UniqueIdentifier>
    </Filter>
    <Filter Include="Archivos de encabezado\utils">
      <UniqueIdentifier>{fac7884b-3b82-4848-8da1-7dd78df553aa}</UniqueIdentifier>
    </Filter>
    <Filter Include="Archivos de origen\utils">
      <UniqueIdentifier>{b9aaa46d-a8d2-433a-9c3d-dde245950b72}</UniqueIdentifier>
    </Filter>
    <Filter Include="Archivos de encabezado\math">
      <UniqueIdentifier>{14364461-74db-4924-9863-6cb689e77b9a}</UniqueIdentifier>
    </Filter>
    <Filter Include="Archivos de origen\math">
      <UniqueIdentifier>{dfb277f0-033a-4b1f-85b6-ac0c95183ce6}</UniqueIdentifier>
    </Filter>
  </ItemGroup>
  <ItemGroup>
    <ClCompile Include="source\kt_regression.cpp">
      <Filter>Archivos de origen\trainers</Filter>
    </ClCompile>
    <ClCompile Include="source\kt_data_io.cpp">
      <Filter>Archivos de origen\utils</Filter>
    </ClCompile>
    <ClCompile Include="source\kt_matrix.cpp">
      <Filter>Archivos de origen\math</Filter>
    </ClCompile>
    <ClCompile Include="source\kt_vector.cpp">
      <Filter>Archivos de origen\math</Filter>
    </ClCompile>
  </ItemGroup>
  <ItemGroup>
    <ClInclude Include="include\kt_regression.h">
      <Filter>Archivos de encabezado\trainers</Filter>
    </ClInclude>
    <ClInclude Include="include\kt_data_io.h">
      <Filter>Archivos de encabezado\utils</Filter>
    </ClInclude>
    <ClInclude Include="include\kt_matrix.h">
      <Filter>Archivos de encabezado\math</Filter>
    </ClInclude>
    <ClInclude Include="include\kt_vector.h">
      <Filter>Archivos de encabezado\math</Filter>
    </ClInclude>
    <ClInclude Include="include\kt_statistics.h">
      <Filter>Archivos de encabezado\math</Filter>
    </ClInclude>
  </ItemGroup>
</Project>